
Microsoft Visual Studio Solution File, Format Version 12.00
# Visual Studio Version 17
VisualStudioVersion = 17.1.32210.238
MinimumVisualStudioVersion = 10.0.40219.1
Project("{FAE04EC0-301F-11D3-BF4B-00C04F79EFBC}") = "ToDosApplication", "ToDosApplication\ToDosApplication.csproj", "{2C264DA5-C545-4FEC-85DB-DA9DC0B87215}"
EndProject
Global
	GlobalSection(SolutionConfigurationPlatforms) = preSolution
		Debug|Any CPU = Debug|Any CPU
		Release|Any CPU = Release|Any CPU
	EndGlobalSection
	GlobalSection(ProjectConfigurationPlatforms) = postSolution
		{2C264DA5-C545-4FEC-85DB-DA9DC0B87215}.Debug|Any CPU.ActiveCfg = Debug|Any CPU
		{2C264DA5-C545-4FEC-85DB-DA9DC0B87215}.Debug|Any CPU.Build.0 = Debug|Any CPU
		{2C264DA5-C545-4FEC-85DB-DA9DC0B87215}.Release|Any CPU.ActiveCfg = Release|Any CPU
		{2C264DA5-C545-4FEC-85DB-DA9DC0B87215}.Release|Any CPU.Build.0 = Release|Any CPU
	EndGlobalSection
	GlobalSection(SolutionProperties) = preSolution
		HideSolutionNode = FALSE
	EndGlobalSection
	GlobalSection(ExtensibilityGlobals) = postSolution
		SolutionGuid = {49CB8815-AFC1-40C1-B67C-62E6D1D873C8}
	EndGlobalSection
EndGlobal
